{
  "originHash" : "39984a6916d3857fc261a9751d469c669ad8903267544af55802988ce10449e1",
  "pins" : [
    {
      "identity" : "keychainaccess",
      "kind" : "remoteSourceControl",
      "location" : "https://github.com/kishikawakatsumi/KeychainAccess.git",
      "state" : {
        "revision" : "84e546727d66f1adc5439debad16270d0fdd04e7",
        "version" : "4.2.2"
      }
    },
    {
      "identity" : "meilisearch-swift",
      "kind" : "remoteSourceControl",
      "location" : "https://github.com/MiaKoring/meilisearch-swift.git",
      "state" : {
        "branch" : "main",
        "revision" : "6899d0e8334eabcf7fe3ce04d802d9d2f09cebf2"
      }
    }
  ],
  "version" : 3
}
